
Microsoft Visual Studio Solution File, Format Version 12.00
# Visual Studio Version 17
VisualStudioVersion = 17.8.34330.188
MinimumVisualStudioVersion = 10.0.40219.1
Project("{8BC9CEB8-8B4A-11D0-8D11-00A0C91BC942}") = "test", "test\test.vcxproj", "{87A1BDD4-82F2-4B49-810B-D742C650EFFC}"
EndProject
Global
	GlobalSection(SolutionConfigurationPlatforms) = preSolution
		Debug|x64 = Debug|x64
		Debug|x86 = Debug|x86
		Release|x64 = Release|x64
		Release|x86 = Release|x86
	EndGlobalSection
	GlobalSection(ProjectConfigurationPlatforms) = postSolution
		{87A1BDD4-82F2-4B49-810B-D742C650EFFC}.Debug|x64.ActiveCfg = Debug|x64
		{87A1BDD4-82F2-4B49-810B-D742C650EFFC}.Debug|x64.Build.0 = Debug|x64
		{87A1BDD4-82F2-4B49-810B-D742C650EFFC}.Debug|x86.ActiveCfg = Debug|Win32
		{87A1BDD4-82F2-4B49-810B-D742C650EFFC}.Debug|x86.Build.0 = Debug|Win32
		{87A1BDD4-82F2-4B49-810B-D742C650EFFC}.Release|x64.ActiveCfg = Release|x64
		{87A1BDD4-82F2-4B49-810B-D742C650EFFC}.Release|x64.Build.0 = Release|x64
		{87A1BDD4-82F2-4B49-810B-D742C650EFFC}.Release|x86.ActiveCfg = Release|Win32
		{87A1BDD4-82F2-4B49-810B-D742C650EFFC}.Release|x86.Build.0 = Release|Win32
	EndGlobalSection
	GlobalSection(SolutionProperties) = preSolution
		HideSolutionNode = FALSE
	EndGlobalSection
	GlobalSection(ExtensibilityGlobals) = postSolution
		SolutionGuid = {354F40B8-1D5C-4EFF-8A6E-F954D29435D8}
	EndGlobalSection
EndGlobal
